github.com/AlpineCoder/go-netapp v0.0.0-20200706150549-a320a9f21963 h1:JdApz2DrLgPIWpE1ryg467qMEZTqY1V/5wRAfLUoX+o=
github.com/AlpineCoder/go-netapp v0.0.0-20200706150549-a320a9f21963/go.mod h1:PfOhWBxpUFIR1aWI4PRpbiTEy+hewxBOiN5T4e+fXIw=
github.com/AlpineCoder/go-netapp v0.0.0-20200706151353-e3faff5ab911 h1:eKsbon3E4H1KFTQH3x45lOjHO++bMUAXzHrJ5nqEtd4=
github.com/AlpineCoder/go-netapp v0.0.0-20200706151353-e3faff5ab911/go.mod h1:PfOhWBxpUFIR1aWI4PRpbiTEy+hewxBOiN5T4e+fXIw=
github.com/AlpineCoder/go-netapp v0.0.0-20200706151503-cfd7fa22f556 h1:jII6IFk5FUfM9DZCgMIDX/6fqKfcC5I3Bdku8Tvaj3M=
github.com/AlpineCoder/go-netapp v0.0.0-20200706151503-cfd7fa22f556/go.mod h1:PfOhWBxpUFIR1aWI4PRpbiTEy+hewxBOiN5T4e+fXIw=
github.com/AlpineCoder/go-netapp v0.0.0-20200706151606-b97b2c1a85a1 h1:dqkTUM3V8LsQIMe6lIhv1XhZRh/Gbw+UX/KiyWsOpAc=
github.com/AlpineCoder/go-netapp v0.0.0-20200706151606-b97b2c1a85a1/go.mod h1:PfOhWBxpUFIR1aWI4PRpbiTEy+hewxBOiN5T4e+fXIw=
github.com/AlpineCoder/go-netapp v0.0.0-20200706152915-14e6e9f1c128 h1:1EJgFc0KxTxYyTvaMGtO05j1myO86ZZ8IkE8Fm9QSjM=
github.com/AlpineCoder/go-netapp v0.0.0-20200706152915-14e6e9f1c128/go.mod h1:PfOhWBxpUFIR1aWI4PRpbiTEy+hewxBOiN5T4e+fXIw=
github.com/AlpineCoder/go-netapp v0.0.0-20200706161135-78d300c21398 h1:30z0Ke7Ee2lmFZtJBJYVUd0adcLvvyMgWXio5aIBArA=
github.com/AlpineCoder/go-netapp v0.0.0-20200706161135-78d300c21398/go.mod h1:PfOhWBxpUFIR1aWI4PRpbiTEy+hewxBOiN5T4e+fXIw=
github.com/AlpineCoder/go-netapp v0.0.0-20200706161327-3abcaaa566a7 h1://nrfeR5vpx8aybxI0kKzx50Os8qCfIZhUvsd1oXhyg=
github.com/AlpineCoder/go-netapp v0.0.0-20200706161327-3abcaaa566a7/go.mod h1:PfOhWBxpUFIR1aWI4PRpbiTEy+hewxBOiN5T4e+fXIw=
github.com/AlpineCoder/go-netapp v0.0.0-20200706161447-9ed4b916a5af h1:sMfybj/ZR7YYJWkN/AuflAmTHCKEzDT8Egix95saisU=
github.com/AlpineCoder/go-netapp v0.0.0-20200706161447-9ed4b916a5af/go.mod h1:PfOhWBxpUFIR1aWI4PRpbiTEy+hewxBOiN5T4e+fXIw=
github.com/AlpineCoder/go-netapp v0.0.0-20200706161548-3a4977829b94 h1:FnL2ke9bi5+YGlSoAWD3rzIhAjDVEpWv9iyIqR6uBWs=
github.com/AlpineCoder/go-netapp v0.0.0-20200706161548-3a4977829b94/go.mod h1:PfOhWBxpUFIR1aWI4PRpbiTEy+hewxBOiN5T4e+fXIw=
github.com/AlpineCoder/go-netapp v0.0.0-20200706161655-03ac83c3f205 h1:lHVdmGtA6Q8eopFEsJTVLyJPSYY2LyrjzAVIDuNb77Y=
github.com/AlpineCoder/go-netapp v0.0.0-20200706161655-03ac83c3f205/go.mod h1:PfOhWBxpUFIR1aWI4PRpbiTEy+hewxBOiN5T4e+fXIw=
github.com/AlpineCoder/go-netapp v0.0.0-20200706161809-7d27737f7c5a h1:oaE4I6GMVzNm7rJLVAoHtJ4BY+13I/slF6DkyAM6Az4=
github.com/AlpineCoder/go-netapp v0.0.0-20200706161809-7d27737f7c5a/go.mod h1:PfOhWBxpUFIR1aWI4PRpbiTEy+hewxBOiN5T4e+fXIw=
github.com/AlpineCoder/go-netapp v0.0.0-20200706170527-2561dc9dd262 h1:hsF2kRZuUh1ttMf7sJeGdWL7stvjfPtaNoVjAsydAFg=
github.com/AlpineCoder/go-netapp v0.0.0-20200706170527-2561dc9dd262/go.mod h1:PfOhWBxpUFIR1aWI4PRpbiTEy+hewxBOiN5T4e+fXIw=
github.com/AlpineCoder/go-netapp v0.0.0-20200706170638-175d4570f9a2 h1:EdtAZDqTRbo1wlpLNvKDjC3voKVCQCYY1VZfl6PBbGw=
github.com/AlpineCoder/go-netapp v0.0.0-20200706170638-175d4570f9a2/go.mod h1:PfOhWBxpUFIR1aWI4PRpbiTEy+hewxBOiN5T4e+fXIw=
github.com/AlpineCoder/go-netapp v0.0.0-20200706170752-bdbdf33be574 h1:psjTkbWxgdROvpGVAlHNaxxfkBTS88uEOwf9xNjNapY=
github.com/AlpineCoder/go-netapp v0.0.0-20200706170752-bdbdf33be574/go.mod h1:PfOhWBxpUFIR1aWI4PRpbiTEy+hewxBOiN5T4e+fXIw=
github.com/AlpineCoder/go-netapp v0.0.0-20200706170834-e4ada229d41d h1:7XNw6veCSObYARWr5HNoq+iiuq315Vztt/HlGQjMieg=
github.com/AlpineCoder/go-netapp v0.0.0-20200706170834-e4ada229d41d/go.mod h1:PfOhWBxpUFIR1aWI4PRpbiTEy+hewxBOiN5T4e+fXIw=
github.com/AlpineCoder/go-netapp v0.0.0-20200706171427-f9e0cce1b22d h1:pJX4TFBYbnVX4qBjMLs72opi5JlMKrEawnvx/eFQ1T8=
github.com/AlpineCoder/go-netapp v0.0.0-20200706171427-f9e0cce1b22d/go.mod h1:PfOhWBxpUFIR1aWI4PRpbiTEy+hewxBOiN5T4e+fXIw=
github.com/AlpineCoder/go-netapp v0.0.0-20200706171552-0ca51780a996 h1:vCpeAcrvRzVMaSdKGQcaBBAO/7kC9K+AOlBCm7sSvdA=
github.com/AlpineCoder/go-netapp v0.0.0-20200706171552-0ca51780a996/go.mod h1:PfOhWBxpUFIR1aWI4PRpbiTEy+hewxBOiN5T4e+fXIw=
github.com/AlpineCoder/go-netapp v0.0.0-20200706173619-da051be8cc7a h1:gAzKTJuKNQMP3QuCT2tkkkkLziIKJ6kfchvRy9ym0II=
github.com/AlpineCoder/go-netapp v0.0.0-20200706173619-da051be8cc7a/go.mod h1:PfOhWBxpUFIR1aWI4PRpbiTEy+hewxBOiN5T4e+fXIw=
github.com/AlpineCoder/go-netapp v0.0.0-20200706212316-9553fbec39a8 h1:DHJs7Jn2WO073DTFCimaYnTyR9xgAa9EpPMp9f49Gtg=
github.com/AlpineCoder/go-netapp v0.0.0-20200706212316-9553fbec39a8/go.mod h1:PfOhWBxpUFIR1aWI4PRpbiTEy+hewxBOiN5T4e+fXIw=
github.com/AlpineCoder/go-netapp v0.0.0-20200706213318-2e7010dd079c h1:bAI1/1FOZibIUmpF7t+IVJMsidkvO6+Nl6kqE/IKFvM=
github.com/AlpineCoder/go-netapp v0.0.0-20200706213318-2e7010dd079c/go.mod h1:PfOhWBxpUFIR1aWI4PRpbiTEy+hewxBOiN5T4e+fXIw=
github.com/andreyvit/diff v0.0.0-20170406064948-c7f18ee00883 h1:bvNMNQO63//z+xNgfBlViaCIJKLlCJ6/fmUseuG0wVQ=
github.com/andreyvit/diff v0.0.0-20170406064948-c7f18ee00883/go.mod h1:rCTlJbsFo29Kk6CurOXKm700vrz8f0KW0JNfpkRJY/8=
github.com/davecgh/go-spew v1.1.0/go.mod h1:J7Y8YcW2NihsgmVo/mv3lAwl/skON4iLHjSsI+c5H38=
github.com/davecgh/go-spew v1.1.1 h1:vj9j/u1bqnvCEfJOwUhtlOARqs3+rkHYY13jYWTU97c=
github.com/davecgh/go-spew v1.1.1/go.mod h1:J7Y8YcW2NihsgmVo/mv3lAwl/skON4iLHjSsI+c5H38=
github.com/kr/pretty v0.1.0 h1:L/CwN0zerZDmRFUapSPitk6f+Q3+0za1rQkzVuMiMFI=
github.com/kr/pretty v0.1.0/go.mod h1:dAy3ld7l9f0ibDNOQOHHMYYIIbhfbHSm3C4ZsoJORNo=
github.com/kr/pty v1.1.1/go.mod h1:pFQYn66WHrOpPYNljwOMqo10TkYh1fy3cYio2l3bCsQ=
github.com/kr/text v0.1.0 h1:45sCR5RtlFHMR4UwH9sdQ5TC8v0qDQCHnXt+kaKSTVE=
github.com/kr/text v0.1.0/go.mod h1:4Jbv+DJW3UT/LiOwJeYQe1efqtUx/iVham/4vfdArNI=
github.com/pepabo/go-netapp v0.0.0-20200307044948-511d929a7402 h1:J6bjeTOYAJuJJPTbjWbX1JMOnq8Yesi4CqX/YjV7QDI=
github.com/pepabo/go-netapp v0.0.0-20200307044948-511d929a7402/go.mod h1:K3yWZZ9G3fnKg5gAt4VLt0GUlVFxxEu61NbOVBZuHLA=
github.com/pmezard/go-difflib v1.0.0 h1:4DBwDE0NGyQoBHbLQYPwSUPoCMWR5BEzIk/f1lZbAQM=
github.com/pmezard/go-difflib v1.0.0/go.mod h1:iKH77koFhYxTK1pcRnkKkqfTogsbg7gZNVY4sRDYZ/4=
github.com/sergi/go-diff v1.1.0 h1:we8PVUC3FE2uYfodKH/nBHMSetSfHDR6scGdBi+erh0=
github.com/sergi/go-diff v1.1.0/go.mod h1:STckp+ISIX8hZLjrqAeVduY0gWCT9IjLuqbuNXdaHfM=
github.com/stretchr/objx v0.1.0/go.mod h1:HFkY916IF+rwdDfMAkV7OtwuqBVzrE8GR6GFx+wExME=
github.com/stretchr/testify v1.4.0 h1:2E4SXV/wtOkTonXsotYi4li6zVWxYlZuYNCXe9XRJyk=
github.com/stretchr/testify v1.4.0/go.mod h1:j7eGeouHqKxXV5pUuKE4zz7dFj8WfuZ+81PSLYec5m4=
gopkg.in/check.v1 v0.0.0-20161208181325-20d25e280405/go.mod h1:Co6ibVJAznAaIkqp8huTwlJQCZ016jof/cbN4VW5Yz0=
gopkg.in/check.v1 v1.0.0-20190902080502-41f04d3bba15 h1:YR8cESwS4TdDjEe65xsg0ogRM/Nc3DYOhEAlW+xobZo=
gopkg.in/check.v1 v1.0.0-20190902080502-41f04d3bba15/go.mod h1:Co6ibVJAznAaIkqp8huTwlJQCZ016jof/cbN4VW5Yz0=
gopkg.in/yaml.v2 v2.2.2/go.mod h1:hI93XBmqTisBFMUTm0b8Fm+jr3Dg1NNxqwp+5A1VGuI=
gopkg.in/yaml.v2 v2.2.4 h1:/eiJrUcujPVeJ3xlSWaiNi3uSVmDGBK1pDHUHAnao1I=
gopkg.in/yaml.v2 v2.2.4/go.mod h1:hI93XBmqTisBFMUTm0b8Fm+jr3Dg1NNxqwp+5A1VGuI=
