github.com/AlpineCoder/go-netapp v0.0.0-20200307044948-511d929a7402 h1:qC7BBf4E4iKeRZtrokQO3Pc+JZeagAR9JTcdiK2EwU0=
github.com/AlpineCoder/go-netapp v0.0.0-20200307044948-511d929a7402/go.mod h1:PfOhWBxpUFIR1aWI4PRpbiTEy+hewxBOiN5T4e+fXIw=
github.com/AlpineCoder/go-netapp v0.0.0-20200626101031-04325e118da4 h1:2X/GE5BLCZgrsWGuMd30IoQog5AyXxBZkUBXB3qy3G0=
github.com/AlpineCoder/go-netapp v0.0.0-20200626101031-04325e118da4/go.mod h1:PfOhWBxpUFIR1aWI4PRpbiTEy+hewxBOiN5T4e+fXIw=
github.com/AlpineCoder/go-netapp v0.0.0-20200626101520-7026a6956157 h1:puHOr1nFALjve8DteMYhN9nnIm30m0UykJdJ0NlFoLw=
github.com/AlpineCoder/go-netapp v0.0.0-20200626101520-7026a6956157/go.mod h1:PfOhWBxpUFIR1aWI4PRpbiTEy+hewxBOiN5T4e+fXIw=
github.com/AlpineCoder/go-netapp v0.0.0-20200626101623-d6ecaec6a3a0 h1:KHkyZDVkrPgH1q1MccTEmUtuiSZSZEZe8PgLC3RjFng=
github.com/AlpineCoder/go-netapp v0.0.0-20200626101623-d6ecaec6a3a0/go.mod h1:PfOhWBxpUFIR1aWI4PRpbiTEy+hewxBOiN5T4e+fXIw=
github.com/AlpineCoder/go-netapp v0.0.0-20200626101932-6f13921f73d0 h1:x3Q0epSudJP8sEIW+Wfk8l1AIC/YFJZeFYTIakavQFw=
github.com/AlpineCoder/go-netapp v0.0.0-20200626101932-6f13921f73d0/go.mod h1:PfOhWBxpUFIR1aWI4PRpbiTEy+hewxBOiN5T4e+fXIw=
github.com/AlpineCoder/go-netapp v0.0.0-20200626102024-7168b5d04d89 h1:pGOhZ3P8Rli+EcmH0RebvGZSIBZ1WCzAJfGhvs/54j0=
github.com/AlpineCoder/go-netapp v0.0.0-20200626102024-7168b5d04d89/go.mod h1:PfOhWBxpUFIR1aWI4PRpbiTEy+hewxBOiN5T4e+fXIw=
github.com/AlpineCoder/go-netapp v0.0.0-20200626102216-f194899c5910 h1:Fpvjxc+XKfjQZGyQv468nl3T6Dt3Zk4DyPjHjVQoge4=
github.com/AlpineCoder/go-netapp v0.0.0-20200626102216-f194899c5910/go.mod h1:PfOhWBxpUFIR1aWI4PRpbiTEy+hewxBOiN5T4e+fXIw=
github.com/AlpineCoder/go-netapp v0.0.0-20200626102530-3a611dd96673 h1:0fu/EfYDftfT0YhJMhyZ8A9+3sfHZFbcjB/kUd62/Is=
github.com/AlpineCoder/go-netapp v0.0.0-20200626102530-3a611dd96673/go.mod h1:PfOhWBxpUFIR1aWI4PRpbiTEy+hewxBOiN5T4e+fXIw=
github.com/AlpineCoder/go-netapp v0.0.0-20200626103248-10840fb4665a h1:2vmBqNgazkcCBGUXtlB0GEMrFclLU2pAI/cq3AIXbVw=
github.com/AlpineCoder/go-netapp v0.0.0-20200626103248-10840fb4665a/go.mod h1:PfOhWBxpUFIR1aWI4PRpbiTEy+hewxBOiN5T4e+fXIw=
github.com/AlpineCoder/go-netapp v0.0.0-20200626103429-a1492b66e3ba h1:74eysppJa5Iu0gStaoIlRe5zcRZBdLKemQNOX5+DC6A=
github.com/AlpineCoder/go-netapp v0.0.0-20200626103429-a1492b66e3ba/go.mod h1:PfOhWBxpUFIR1aWI4PRpbiTEy+hewxBOiN5T4e+fXIw=
github.com/AlpineCoder/go-netapp v0.0.0-20200626103634-a6be2c3a3678 h1:T9qa+3tynXUI9ccPBqTCyrY/x1AI2FS35mHDd3pQ9ws=
github.com/AlpineCoder/go-netapp v0.0.0-20200626103634-a6be2c3a3678/go.mod h1:PfOhWBxpUFIR1aWI4PRpbiTEy+hewxBOiN5T4e+fXIw=
github.com/AlpineCoder/go-netapp v0.0.0-20200626103709-a7295b45d8f6 h1:Ju0lh+ipB5mmFPP1rV+pJaH41eCE3DPJ/laL5geOe0g=
github.com/AlpineCoder/go-netapp v0.0.0-20200626103709-a7295b45d8f6/go.mod h1:PfOhWBxpUFIR1aWI4PRpbiTEy+hewxBOiN5T4e+fXIw=
github.com/AlpineCoder/go-netapp v0.0.0-20200626103836-6a784cb4853c h1:KyNJVPjnnuSnWzGgfgxAWc90pbEalnLMLNz3umgybWg=
github.com/AlpineCoder/go-netapp v0.0.0-20200626103836-6a784cb4853c/go.mod h1:PfOhWBxpUFIR1aWI4PRpbiTEy+hewxBOiN5T4e+fXIw=
github.com/AlpineCoder/go-netapp v0.0.0-20200626104949-228496a62581 h1:VlXYwN197hesfLis7cSJpoX9Wq3wIUKpYbC8BcUtCiw=
github.com/AlpineCoder/go-netapp v0.0.0-20200626104949-228496a62581/go.mod h1:PfOhWBxpUFIR1aWI4PRpbiTEy+hewxBOiN5T4e+fXIw=
github.com/AlpineCoder/go-netapp v0.0.0-20200626105022-23e20fc006e9 h1:miTvl1+NLcncAFPXNwxd6jmV0L1jyX4lmDWNSIP8abU=
github.com/AlpineCoder/go-netapp v0.0.0-20200626105022-23e20fc006e9/go.mod h1:PfOhWBxpUFIR1aWI4PRpbiTEy+hewxBOiN5T4e+fXIw=
github.com/AlpineCoder/go-netapp v0.0.0-20200626105205-6d6abee60bf2 h1:WC21ugBFEjrAF7mIzSkHhIeHYYYBt0wkH7p0HfQHPlk=
github.com/AlpineCoder/go-netapp v0.0.0-20200626105205-6d6abee60bf2/go.mod h1:PfOhWBxpUFIR1aWI4PRpbiTEy+hewxBOiN5T4e+fXIw=
github.com/AlpineCoder/go-netapp v0.0.0-20200626112312-b3d3b199772b h1:nYTtozdLqZ2DcYjERQGQezSLQihtr9KCNJyZWlq8OQY=
github.com/AlpineCoder/go-netapp v0.0.0-20200626112312-b3d3b199772b/go.mod h1:PfOhWBxpUFIR1aWI4PRpbiTEy+hewxBOiN5T4e+fXIw=
github.com/AlpineCoder/go-netapp v0.0.0-20200626115043-ec007e453243 h1:1z3JXTk76CRazupphYCTxsQMx4tk3qANAEtw31Smmok=
github.com/AlpineCoder/go-netapp v0.0.0-20200626115043-ec007e453243/go.mod h1:PfOhWBxpUFIR1aWI4PRpbiTEy+hewxBOiN5T4e+fXIw=
github.com/AlpineCoder/go-netapp v0.0.0-20200626115145-c3858f48a800 h1:8hsB2Wmovj2d3ZsuBk7pmjm9KChamqGQBZIe3tbrzwg=
github.com/AlpineCoder/go-netapp v0.0.0-20200626115145-c3858f48a800/go.mod h1:PfOhWBxpUFIR1aWI4PRpbiTEy+hewxBOiN5T4e+fXIw=
github.com/AlpineCoder/go-netapp v0.0.0-20200626121324-4c6b431d369d h1:+Gfbs1GGghyZJSc87zbhoqgVUNMdP8ACdX6mQ0GRbHk=
github.com/AlpineCoder/go-netapp v0.0.0-20200626121324-4c6b431d369d/go.mod h1:PfOhWBxpUFIR1aWI4PRpbiTEy+hewxBOiN5T4e+fXIw=
github.com/AlpineCoder/go-netapp v0.0.0-20200626121418-0eb383afd24b h1:dJOIAO0EgXEMflCd0gZqNrXZW2HVdoM4UDSjStoyD0k=
github.com/AlpineCoder/go-netapp v0.0.0-20200626121418-0eb383afd24b/go.mod h1:PfOhWBxpUFIR1aWI4PRpbiTEy+hewxBOiN5T4e+fXIw=
github.com/AlpineCoder/go-netapp v0.0.0-20200626122412-91dc8df70bbe h1:Epvwc7uV8XUnU3UVXxr/NNbbSQ3eUuWZe0zqCnkBwz4=
github.com/AlpineCoder/go-netapp v0.0.0-20200626122412-91dc8df70bbe/go.mod h1:PfOhWBxpUFIR1aWI4PRpbiTEy+hewxBOiN5T4e+fXIw=
github.com/AlpineCoder/go-netapp v0.0.0-20200626122503-3b3e4745e1c2 h1:0R3Xo4wQSsv9xC9kl2FDMifjKTHBGrRXt1ggGSHOSuM=
github.com/AlpineCoder/go-netapp v0.0.0-20200626122503-3b3e4745e1c2/go.mod h1:PfOhWBxpUFIR1aWI4PRpbiTEy+hewxBOiN5T4e+fXIw=
github.com/AlpineCoder/go-netapp v0.0.0-20200626122626-96084b2ed6e6 h1:Zmna0UgWR0kANTVELNrsdq+Zvo80FW6aqDIuKXv6918=
github.com/AlpineCoder/go-netapp v0.0.0-20200626122626-96084b2ed6e6/go.mod h1:PfOhWBxpUFIR1aWI4PRpbiTEy+hewxBOiN5T4e+fXIw=
github.com/AlpineCoder/go-netapp v0.0.0-20200626123256-5dafe26de79f h1:gfIwsnRsTp6w18DtnVpgMazbDPIULeZmv2AqH4eju0M=
github.com/AlpineCoder/go-netapp v0.0.0-20200626123256-5dafe26de79f/go.mod h1:PfOhWBxpUFIR1aWI4PRpbiTEy+hewxBOiN5T4e+fXIw=
github.com/AlpineCoder/go-netapp v0.0.0-20200626152529-467881b0c8ed h1:hn9bNLFRe2lRH28tlVf+TNL8NHiXMxMfc+eqBfqox78=
github.com/AlpineCoder/go-netapp v0.0.0-20200626152529-467881b0c8ed/go.mod h1:PfOhWBxpUFIR1aWI4PRpbiTEy+hewxBOiN5T4e+fXIw=
github.com/AlpineCoder/go-netapp v0.0.0-20200626152648-b8ef0324465a h1:2uFRaOhNG0V+w8R2FoCE/ucWdmjVtMP2yOOsPv6TdIc=
github.com/AlpineCoder/go-netapp v0.0.0-20200626152648-b8ef0324465a/go.mod h1:PfOhWBxpUFIR1aWI4PRpbiTEy+hewxBOiN5T4e+fXIw=
github.com/AlpineCoder/go-netapp v0.0.0-20200626152742-0c4334f6a603 h1:Y9c/s0+o4Jz3/7IHJCpXfnpXESn1KrG7y/ouGgKq6aY=
github.com/AlpineCoder/go-netapp v0.0.0-20200626152742-0c4334f6a603/go.mod h1:PfOhWBxpUFIR1aWI4PRpbiTEy+hewxBOiN5T4e+fXIw=
github.com/AlpineCoder/go-netapp v0.0.0-20200626152826-21aa15bba8d6 h1:D8004OVjLeZzNUVhuYG/eFctRnsJGXt/p6vkUrhO4XA=
github.com/AlpineCoder/go-netapp v0.0.0-20200626152826-21aa15bba8d6/go.mod h1:PfOhWBxpUFIR1aWI4PRpbiTEy+hewxBOiN5T4e+fXIw=
github.com/AlpineCoder/go-netapp v0.0.0-20200626152910-48eb3e805a9c h1:dPQd6yDTeVPloPeKtyXmJEZCLQlYHoWurXBQEU6nFJg=
github.com/AlpineCoder/go-netapp v0.0.0-20200626152910-48eb3e805a9c/go.mod h1:PfOhWBxpUFIR1aWI4PRpbiTEy+hewxBOiN5T4e+fXIw=
github.com/AlpineCoder/go-netapp v0.0.0-20200626153200-2145526a9253 h1:Trgqn6CED4MbmJuW+PIwkFu56VJMWUFd7k9YE3dLB2Q=
github.com/AlpineCoder/go-netapp v0.0.0-20200626153200-2145526a9253/go.mod h1:PfOhWBxpUFIR1aWI4PRpbiTEy+hewxBOiN5T4e+fXIw=
github.com/AlpineCoder/go-netapp v0.0.0-20200626153533-941a03a8bcfb h1:0LXRU+DxiN4et2L6sQZf2c2AnlX/naJr+oGM/MvKh+c=
github.com/AlpineCoder/go-netapp v0.0.0-20200626153533-941a03a8bcfb/go.mod h1:PfOhWBxpUFIR1aWI4PRpbiTEy+hewxBOiN5T4e+fXIw=
github.com/AlpineCoder/go-netapp v0.0.0-20200626160258-5c02be0c0abe h1:IHTsBGakaWb1wi+jXc8lz47/Ecj/rkLsCxn0d53EIGw=
github.com/AlpineCoder/go-netapp v0.0.0-20200626160258-5c02be0c0abe/go.mod h1:PfOhWBxpUFIR1aWI4PRpbiTEy+hewxBOiN5T4e+fXIw=
github.com/AlpineCoder/go-netapp v0.0.0-20200626160547-0a8081852378 h1:EGjpWZpneMF7kQR990VW2RCfjD+PEmqx4ILeFDOWFqw=
github.com/AlpineCoder/go-netapp v0.0.0-20200626160547-0a8081852378/go.mod h1:PfOhWBxpUFIR1aWI4PRpbiTEy+hewxBOiN5T4e+fXIw=
github.com/andreyvit/diff v0.0.0-20170406064948-c7f18ee00883 h1:bvNMNQO63//z+xNgfBlViaCIJKLlCJ6/fmUseuG0wVQ=
github.com/andreyvit/diff v0.0.0-20170406064948-c7f18ee00883/go.mod h1:rCTlJbsFo29Kk6CurOXKm700vrz8f0KW0JNfpkRJY/8=
github.com/davecgh/go-spew v1.1.0/go.mod h1:J7Y8YcW2NihsgmVo/mv3lAwl/skON4iLHjSsI+c5H38=
github.com/davecgh/go-spew v1.1.1 h1:vj9j/u1bqnvCEfJOwUhtlOARqs3+rkHYY13jYWTU97c=
github.com/davecgh/go-spew v1.1.1/go.mod h1:J7Y8YcW2NihsgmVo/mv3lAwl/skON4iLHjSsI+c5H38=
github.com/kr/pretty v0.1.0 h1:L/CwN0zerZDmRFUapSPitk6f+Q3+0za1rQkzVuMiMFI=
github.com/kr/pretty v0.1.0/go.mod h1:dAy3ld7l9f0ibDNOQOHHMYYIIbhfbHSm3C4ZsoJORNo=
github.com/kr/pty v1.1.1/go.mod h1:pFQYn66WHrOpPYNljwOMqo10TkYh1fy3cYio2l3bCsQ=
github.com/kr/text v0.1.0 h1:45sCR5RtlFHMR4UwH9sdQ5TC8v0qDQCHnXt+kaKSTVE=
github.com/kr/text v0.1.0/go.mod h1:4Jbv+DJW3UT/LiOwJeYQe1efqtUx/iVham/4vfdArNI=
github.com/pepabo/go-netapp v0.0.0-20200307044948-511d929a7402 h1:J6bjeTOYAJuJJPTbjWbX1JMOnq8Yesi4CqX/YjV7QDI=
github.com/pepabo/go-netapp v0.0.0-20200307044948-511d929a7402/go.mod h1:K3yWZZ9G3fnKg5gAt4VLt0GUlVFxxEu61NbOVBZuHLA=
github.com/pmezard/go-difflib v1.0.0 h1:4DBwDE0NGyQoBHbLQYPwSUPoCMWR5BEzIk/f1lZbAQM=
github.com/pmezard/go-difflib v1.0.0/go.mod h1:iKH77koFhYxTK1pcRnkKkqfTogsbg7gZNVY4sRDYZ/4=
github.com/sergi/go-diff v1.1.0 h1:we8PVUC3FE2uYfodKH/nBHMSetSfHDR6scGdBi+erh0=
github.com/sergi/go-diff v1.1.0/go.mod h1:STckp+ISIX8hZLjrqAeVduY0gWCT9IjLuqbuNXdaHfM=
github.com/stretchr/objx v0.1.0/go.mod h1:HFkY916IF+rwdDfMAkV7OtwuqBVzrE8GR6GFx+wExME=
github.com/stretchr/testify v1.4.0 h1:2E4SXV/wtOkTonXsotYi4li6zVWxYlZuYNCXe9XRJyk=
github.com/stretchr/testify v1.4.0/go.mod h1:j7eGeouHqKxXV5pUuKE4zz7dFj8WfuZ+81PSLYec5m4=
gopkg.in/check.v1 v0.0.0-20161208181325-20d25e280405/go.mod h1:Co6ibVJAznAaIkqp8huTwlJQCZ016jof/cbN4VW5Yz0=
gopkg.in/check.v1 v1.0.0-20190902080502-41f04d3bba15 h1:YR8cESwS4TdDjEe65xsg0ogRM/Nc3DYOhEAlW+xobZo=
gopkg.in/check.v1 v1.0.0-20190902080502-41f04d3bba15/go.mod h1:Co6ibVJAznAaIkqp8huTwlJQCZ016jof/cbN4VW5Yz0=
gopkg.in/yaml.v2 v2.2.2/go.mod h1:hI93XBmqTisBFMUTm0b8Fm+jr3Dg1NNxqwp+5A1VGuI=
gopkg.in/yaml.v2 v2.2.4 h1:/eiJrUcujPVeJ3xlSWaiNi3uSVmDGBK1pDHUHAnao1I=
gopkg.in/yaml.v2 v2.2.4/go.mod h1:hI93XBmqTisBFMUTm0b8Fm+jr3Dg1NNxqwp+5A1VGuI=
